
Microsoft Visual Studio Solution File, Format Version 12.00
# Visual Studio 2012
Project("{FAE04EC0-301F-11D3-BF4B-00C04F79EFBC}") = "TimeLog", "TimeLog\TimeLog.csproj", "{9CF88EE5-38D6-457E-A8ED-5157EA6B343C}"
EndProject
Project("{FAE04EC0-301F-11D3-BF4B-00C04F79EFBC}") = "TimeLogTest", "TimeLogTest\TimeLogTest.csproj", "{C1AA7837-AE81-479F-BF20-8F3F6DE0FBA7}"
EndProject
Project("{2150E333-8FDC-42A3-9474-1A3956D46DE8}") = "Solution Items", "Solution Items", "{DF9AE8BC-0E88-4C02-AE29-9B5C35A06B49}"
	ProjectSection(SolutionItems) = preProject
		appimage.jpg = appimage.jpg
	EndProjectSection
EndProject
Global
	GlobalSection(SolutionConfigurationPlatforms) = preSolution
		Debug|Any CPU = Debug|Any CPU
		Release|Any CPU = Release|Any CPU
	EndGlobalSection
	GlobalSection(ProjectConfigurationPlatforms) = postSolution
		{9CF88EE5-38D6-457E-A8ED-5157EA6B343C}.Debug|Any CPU.ActiveCfg = Debug|Any CPU
		{9CF88EE5-38D6-457E-A8ED-5157EA6B343C}.Debug|Any CPU.Build.0 = Debug|Any CPU
		{9CF88EE5-38D6-457E-A8ED-5157EA6B343C}.Release|Any CPU.ActiveCfg = Release|Any CPU
		{9CF88EE5-38D6-457E-A8ED-5157EA6B343C}.Release|Any CPU.Build.0 = Release|Any CPU
		{C1AA7837-AE81-479F-BF20-8F3F6DE0FBA7}.Debug|Any CPU.ActiveCfg = Debug|Any CPU
		{C1AA7837-AE81-479F-BF20-8F3F6DE0FBA7}.Debug|Any CPU.Build.0 = Debug|Any CPU
		{C1AA7837-AE81-479F-BF20-8F3F6DE0FBA7}.Release|Any CPU.ActiveCfg = Release|Any CPU
		{C1AA7837-AE81-479F-BF20-8F3F6DE0FBA7}.Release|Any CPU.Build.0 = Release|Any CPU
	EndGlobalSection
	GlobalSection(SolutionProperties) = preSolution
		HideSolutionNode = FALSE
	EndGlobalSection
EndGlobal
